
Microsoft Visual Studio Solution File, Format Version 12.00
# Visual Studio 2012
Project("{FAE04EC0-301F-11D3-BF4B-00C04F79EFBC}") = "ConsoleApp", "ConsoleApp\ConsoleApp.csproj", "{C4D745DC-FD95-4B5B-9DA8-30486F933933}"
EndProject
Project("{FAE04EC0-301F-11D3-BF4B-00C04F79EFBC}") = "ConsoleAppPMDI", "ConsoleAppPMDI\ConsoleAppPMDI.csproj", "{11C81D87-2289-41B9-A95A-FBB153DDD59B}"
EndProject
Project("{FAE04EC0-301F-11D3-BF4B-00C04F79EFBC}") = "ConsoleAppAutofac", "ConsoleAppAutofac\ConsoleAppAutofac.csproj", "{78EA85CB-9351-4832-8E45-E06024C2968A}"
EndProject
Project("{FAE04EC0-301F-11D3-BF4B-00C04F79EFBC}") = "ConsoleAppMSDI", "ConsoleAppMSDI\ConsoleAppMSDI.csproj", "{B9FA68D8-685F-4505-B3FD-2CBA9CF1F395}"
EndProject
Project("{FAE04EC0-301F-11D3-BF4B-00C04F79EFBC}") = "WebAppMSDI", "WebApp\WebAppMSDI.csproj", "{0555962D-9467-4825-8825-CB6DFD6A476D}"
EndProject
Project("{FAE04EC0-301F-11D3-BF4B-00C04F79EFBC}") = "WebAppAutofac", "WebAppAutofac\WebAppAutofac.csproj", "{7B6847C2-13FE-4252-A64C-1F8A26F5EC04}"
EndProject
Global
	GlobalSection(SolutionConfigurationPlatforms) = preSolution
		Debug|Any CPU = Debug|Any CPU
		Release|Any CPU = Release|Any CPU
	EndGlobalSection
	GlobalSection(ProjectConfigurationPlatforms) = postSolution
		{C4D745DC-FD95-4B5B-9DA8-30486F933933}.Debug|Any CPU.ActiveCfg = Debug|Any CPU
		{C4D745DC-FD95-4B5B-9DA8-30486F933933}.Debug|Any CPU.Build.0 = Debug|Any CPU
		{C4D745DC-FD95-4B5B-9DA8-30486F933933}.Release|Any CPU.ActiveCfg = Release|Any CPU
		{C4D745DC-FD95-4B5B-9DA8-30486F933933}.Release|Any CPU.Build.0 = Release|Any CPU
		{11C81D87-2289-41B9-A95A-FBB153DDD59B}.Debug|Any CPU.ActiveCfg = Debug|Any CPU
		{11C81D87-2289-41B9-A95A-FBB153DDD59B}.Debug|Any CPU.Build.0 = Debug|Any CPU
		{11C81D87-2289-41B9-A95A-FBB153DDD59B}.Release|Any CPU.ActiveCfg = Release|Any CPU
		{11C81D87-2289-41B9-A95A-FBB153DDD59B}.Release|Any CPU.Build.0 = Release|Any CPU
		{78EA85CB-9351-4832-8E45-E06024C2968A}.Debug|Any CPU.ActiveCfg = Debug|Any CPU
		{78EA85CB-9351-4832-8E45-E06024C2968A}.Debug|Any CPU.Build.0 = Debug|Any CPU
		{78EA85CB-9351-4832-8E45-E06024C2968A}.Release|Any CPU.ActiveCfg = Release|Any CPU
		{78EA85CB-9351-4832-8E45-E06024C2968A}.Release|Any CPU.Build.0 = Release|Any CPU
		{B9FA68D8-685F-4505-B3FD-2CBA9CF1F395}.Debug|Any CPU.ActiveCfg = Debug|Any CPU
		{B9FA68D8-685F-4505-B3FD-2CBA9CF1F395}.Debug|Any CPU.Build.0 = Debug|Any CPU
		{B9FA68D8-685F-4505-B3FD-2CBA9CF1F395}.Release|Any CPU.ActiveCfg = Release|Any CPU
		{B9FA68D8-685F-4505-B3FD-2CBA9CF1F395}.Release|Any CPU.Build.0 = Release|Any CPU
		{0555962D-9467-4825-8825-CB6DFD6A476D}.Debug|Any CPU.ActiveCfg = Debug|Any CPU
		{0555962D-9467-4825-8825-CB6DFD6A476D}.Debug|Any CPU.Build.0 = Debug|Any CPU
		{0555962D-9467-4825-8825-CB6DFD6A476D}.Release|Any CPU.ActiveCfg = Release|Any CPU
		{0555962D-9467-4825-8825-CB6DFD6A476D}.Release|Any CPU.Build.0 = Release|Any CPU
		{7B6847C2-13FE-4252-A64C-1F8A26F5EC04}.Debug|Any CPU.ActiveCfg = Debug|Any CPU
		{7B6847C2-13FE-4252-A64C-1F8A26F5EC04}.Debug|Any CPU.Build.0 = Debug|Any CPU
		{7B6847C2-13FE-4252-A64C-1F8A26F5EC04}.Release|Any CPU.ActiveCfg = Release|Any CPU
		{7B6847C2-13FE-4252-A64C-1F8A26F5EC04}.Release|Any CPU.Build.0 = Release|Any CPU
	EndGlobalSection
EndGlobal
